dependencies:
- name: jitsi-meet
  repository: oci://ghcr.io/jitsi-contrib
  version: 3.6.1
- name: jitsi-meet
  repository: oci://ghcr.io/jitsi-contrib
  version: 3.6.1
- name: jitsi-meet
  repository: oci://ghcr.io/jitsi-contrib
  version: 3.6.1
- name: jitsi-meet
  repository: oci://ghcr.io/jitsi-contrib
  version: 3.6.1
- name: jitsi-meet
  repository: oci://ghcr.io/jitsi-contrib
  version: 3.6.1
- name: jitsi-meet
  repository: oci://ghcr.io/jitsi-contrib
  version: 3.6.1
- name: jitsi-meet
  repository: oci://ghcr.io/jitsi-contrib
  version: 3.6.1
- name: jitsi-meet
  repository: oci://ghcr.io/jitsi-contrib
  version: 3.6.1
- name: jitsi-meet
  repository: oci://ghcr.io/jitsi-contrib
  version: 3.6.1
- name: jitsi-meet
  repository: oci://ghcr.io/jitsi-contrib
  version: 3.6.1
digest: sha256:1f7e6dfc619dc5e07bef794a290ce93d18a71690b6c7b9cbfd4b45ff2111bcf2
generated: "2026-09-11T18:32:02.618378499+03:00"
