dependencies:
- name: jitsi-meet
  repository: oci://ghcr.io/jitsi-contrib
  version: 3.3.0
- name: jitsi-meet
  repository: oci://ghcr.io/jitsi-contrib
  version: 3.3.0
- name: jitsi-meet
  repository: oci://ghcr.io/jitsi-contrib
  version: 3.3.0
- name: jitsi-meet
  repository: oci://ghcr.io/jitsi-contrib
  version: 3.3.0
- name: jitsi-meet
  repository: oci://ghcr.io/jitsi-contrib
  version: 3.3.0
- name: jitsi-meet
  repository: oci://ghcr.io/jitsi-contrib
  version: 3.3.0
- name: jitsi-meet
  repository: oci://ghcr.io/jitsi-contrib
  version: 3.3.0
- name: jitsi-meet
  repository: oci://ghcr.io/jitsi-contrib
  version: 3.3.0
- name: jitsi-meet
  repository: oci://ghcr.io/jitsi-contrib
  version: 3.3.0
- name: jitsi-meet
  repository: oci://ghcr.io/jitsi-contrib
  version: 3.3.0
digest: sha256:ff1a3a8e0197c925c85aa62b49abde83e44a040409e8353e9224477ef9cc7380
generated: "2026-08-18T17:46:35.430314913+03:00"
