dependencies:
- name: jitsi-meet
  repository: oci://ghcr.io/jitsi-contrib
  version: 2.21.0
- name: jitsi-meet
  repository: oci://ghcr.io/jitsi-contrib
  version: 2.21.0
- name: jitsi-meet
  repository: oci://ghcr.io/jitsi-contrib
  version: 2.21.0
- name: jitsi-meet
  repository: oci://ghcr.io/jitsi-contrib
  version: 2.21.0
- name: jitsi-meet
  repository: oci://ghcr.io/jitsi-contrib
  version: 2.21.0
- name: jitsi-meet
  repository: oci://ghcr.io/jitsi-contrib
  version: 2.21.0
- name: jitsi-meet
  repository: oci://ghcr.io/jitsi-contrib
  version: 2.21.0
- name: jitsi-meet
  repository: oci://ghcr.io/jitsi-contrib
  version: 2.21.0
- name: jitsi-meet
  repository: oci://ghcr.io/jitsi-contrib
  version: 2.21.0
- name: jitsi-meet
  repository: oci://ghcr.io/jitsi-contrib
  version: 2.21.0
digest: sha256:19a2b1638449e61cb7e179bc1955ef24c6685cf26b261d2c589074bad47eb38a
generated: "2026-07-20T16:54:55.535512557+03:00"
